
Microsoft Visual Studio Solution File, Format Version 12.00
# Visual Studio 15
VisualStudioVersion = 15.0.27703.2035
MinimumVisualStudioVersion = 10.0.40219.1
Project("{FAE04EC0-301F-11D3-BF4B-00C04F79EFBC}") = "PracticasNivelacion", "PracticasNivelacion\PracticasNivelacion.csproj", "{F4A7AD55-A225-49FD-BE13-D25C781FC72B}"
EndProject
Project("{FAE04EC0-301F-11D3-BF4B-00C04F79EFBC}") = "Ejercicio de codificación II-I", "Ejercicio de codificación II-I\Ejercicio de codificación II-I.csproj", "{2AF50FE8-2C96-41B7-8B73-38B41F7372C5}"
EndProject
Project("{FAE04EC0-301F-11D3-BF4B-00C04F79EFBC}") = "Ejercicio de codificación II-II", "Ejercicio de codificación II-II\Ejercicio de codificación II-II.csproj", "{B005E144-356D-44D1-9A8F-5AFCD380615A}"
EndProject
Project("{FAE04EC0-301F-11D3-BF4B-00C04F79EFBC}") = "Ejercicio de codificación II-III", "Ejercicio de codificación II-III\Ejercicio de codificación II-III.csproj", "{FD2FF3F5-96A5-4150-836A-C341CBD1E105}"
EndProject
Project("{FAE04EC0-301F-11D3-BF4B-00C04F79EFBC}") = "Ejercicio de codificación II-IV", "Ejercicio de codificación II-IV\Ejercicio de codificación II-IV.csproj", "{A6B421B9-089C-4AAA-9695-5D074864765E}"
EndProject
Project("{FAE04EC0-301F-11D3-BF4B-00C04F79EFBC}") = "Ejercicio de codificación II-V", "Ejercicio de codificación II-V\Ejercicio de codificación II-V.csproj", "{68D1438E-4C4A-4819-83BC-3A21A69DEB6B}"
EndProject
Project("{FAE04EC0-301F-11D3-BF4B-00C04F79EFBC}") = "Ejercicio de codificación II-VI", "Ejercicio de codificación II-VI\Ejercicio de codificación II-VI.csproj", "{8D08FBEC-D333-4505-B907-73512BD7DE64}"
EndProject
Project("{FAE04EC0-301F-11D3-BF4B-00C04F79EFBC}") = "Ejercicio de codificación IV-II", "Ejercicio de codificación IV-II\Ejercicio de codificación IV-II.csproj", "{C401EB56-5F1A-4DEA-B3EF-CC8A997C7840}"
EndProject
Project("{FAE04EC0-301F-11D3-BF4B-00C04F79EFBC}") = "Ejercicio de codificación IV-III", "Ejercicio de codificación IV-III\Ejercicio de codificación IV-III.csproj", "{A10649B0-94EE-40E3-B2F6-D02A3B938C1A}"
EndProject
Project("{FAE04EC0-301F-11D3-BF4B-00C04F79EFBC}") = "Ejercicio de codificación IV-IV", "Ejercicio de codificación IV-IV\Ejercicio de codificación IV-IV.csproj", "{356A2CF2-7A86-4C17-8097-FE4B38D546B4}"
EndProject
Project("{FAE04EC0-301F-11D3-BF4B-00C04F79EFBC}") = "Ejercicio de codificación IV-V", "Ejercicio de codificación IV-V\Ejercicio de codificación IV-V.csproj", "{8DDCA29E-3560-4339-974E-85C5403FFA80}"
EndProject
Project("{FAE04EC0-301F-11D3-BF4B-00C04F79EFBC}") = "Ejercicio de codificación VI-I", "Ejercicio de codificación VI-I\Ejercicio de codificación VI-I.csproj", "{7DFA5F08-43C9-4D8F-AE0B-0DC435C06AAD}"
EndProject
Project("{FAE04EC0-301F-11D3-BF4B-00C04F79EFBC}") = "Ejercicio de codificación VI-II", "Ejercicio de codificación VI-II\Ejercicio de codificación VI-II.csproj", "{384CEBEA-7091-40B2-B833-3E429D183F8D}"
EndProject
Project("{FAE04EC0-301F-11D3-BF4B-00C04F79EFBC}") = "Ejercicio de codificación VI-III", "Ejercicio de codificación VI-III\Ejercicio de codificación VI-III.csproj", "{6DCCD6B6-2957-47ED-A4F7-D24DBEE3FCA8}"
EndProject
Project("{FAE04EC0-301F-11D3-BF4B-00C04F79EFBC}") = "Ejercicio de codificación VI-IV", "Ejercicio de codificación VI-IV\Ejercicio de codificación VI-IV.csproj", "{53BBF492-B2CF-4D6E-B583-513465EE834A}"
EndProject
Global
	GlobalSection(SolutionConfigurationPlatforms) = preSolution
		Debug|Any CPU = Debug|Any CPU
		Release|Any CPU = Release|Any CPU
	EndGlobalSection
	GlobalSection(ProjectConfigurationPlatforms) = postSolution
		{F4A7AD55-A225-49FD-BE13-D25C781FC72B}.Debug|Any CPU.ActiveCfg = Debug|Any CPU
		{F4A7AD55-A225-49FD-BE13-D25C781FC72B}.Debug|Any CPU.Build.0 = Debug|Any CPU
		{F4A7AD55-A225-49FD-BE13-D25C781FC72B}.Release|Any CPU.ActiveCfg = Release|Any CPU
		{F4A7AD55-A225-49FD-BE13-D25C781FC72B}.Release|Any CPU.Build.0 = Release|Any CPU
		{2AF50FE8-2C96-41B7-8B73-38B41F7372C5}.Debug|Any CPU.ActiveCfg = Debug|Any CPU
		{2AF50FE8-2C96-41B7-8B73-38B41F7372C5}.Debug|Any CPU.Build.0 = Debug|Any CPU
		{2AF50FE8-2C96-41B7-8B73-38B41F7372C5}.Release|Any CPU.ActiveCfg = Release|Any CPU
		{2AF50FE8-2C96-41B7-8B73-38B41F7372C5}.Release|Any CPU.Build.0 = Release|Any CPU
		{B005E144-356D-44D1-9A8F-5AFCD380615A}.Debug|Any CPU.ActiveCfg = Debug|Any CPU
		{B005E144-356D-44D1-9A8F-5AFCD380615A}.Debug|Any CPU.Build.0 = Debug|Any CPU
		{B005E144-356D-44D1-9A8F-5AFCD380615A}.Release|Any CPU.ActiveCfg = Release|Any CPU
		{B005E144-356D-44D1-9A8F-5AFCD380615A}.Release|Any CPU.Build.0 = Release|Any CPU
		{FD2FF3F5-96A5-4150-836A-C341CBD1E105}.Debug|Any CPU.ActiveCfg = Debug|Any CPU
		{FD2FF3F5-96A5-4150-836A-C341CBD1E105}.Debug|Any CPU.Build.0 = Debug|Any CPU
		{FD2FF3F5-96A5-4150-836A-C341CBD1E105}.Release|Any CPU.ActiveCfg = Release|Any CPU
		{FD2FF3F5-96A5-4150-836A-C341CBD1E105}.Release|Any CPU.Build.0 = Release|Any CPU
		{A6B421B9-089C-4AAA-9695-5D074864765E}.Debug|Any CPU.ActiveCfg = Debug|Any CPU
		{A6B421B9-089C-4AAA-9695-5D074864765E}.Debug|Any CPU.Build.0 = Debug|Any CPU
		{A6B421B9-089C-4AAA-9695-5D074864765E}.Release|Any CPU.ActiveCfg = Release|Any CPU
		{A6B421B9-089C-4AAA-9695-5D074864765E}.Release|Any CPU.Build.0 = Release|Any CPU
		{68D1438E-4C4A-4819-83BC-3A21A69DEB6B}.Debug|Any CPU.ActiveCfg = Debug|Any CPU
		{68D1438E-4C4A-4819-83BC-3A21A69DEB6B}.Debug|Any CPU.Build.0 = Debug|Any CPU
		{68D1438E-4C4A-4819-83BC-3A21A69DEB6B}.Release|Any CPU.ActiveCfg = Release|Any CPU
		{68D1438E-4C4A-4819-83BC-3A21A69DEB6B}.Release|Any CPU.Build.0 = Release|Any CPU
		{8D08FBEC-D333-4505-B907-73512BD7DE64}.Debug|Any CPU.ActiveCfg = Debug|Any CPU
		{8D08FBEC-D333-4505-B907-73512BD7DE64}.Debug|Any CPU.Build.0 = Debug|Any CPU
		{8D08FBEC-D333-4505-B907-73512BD7DE64}.Release|Any CPU.ActiveCfg = Release|Any CPU
		{8D08FBEC-D333-4505-B907-73512BD7DE64}.Release|Any CPU.Build.0 = Release|Any CPU
		{C401EB56-5F1A-4DEA-B3EF-CC8A997C7840}.Debug|Any CPU.ActiveCfg = Debug|Any CPU
		{C401EB56-5F1A-4DEA-B3EF-CC8A997C7840}.Debug|Any CPU.Build.0 = Debug|Any CPU
		{C401EB56-5F1A-4DEA-B3EF-CC8A997C7840}.Release|Any CPU.ActiveCfg = Release|Any CPU
		{C401EB56-5F1A-4DEA-B3EF-CC8A997C7840}.Release|Any CPU.Build.0 = Release|Any CPU
		{A10649B0-94EE-40E3-B2F6-D02A3B938C1A}.Debug|Any CPU.ActiveCfg = Debug|Any CPU
		{A10649B0-94EE-40E3-B2F6-D02A3B938C1A}.Debug|Any CPU.Build.0 = Debug|Any CPU
		{A10649B0-94EE-40E3-B2F6-D02A3B938C1A}.Release|Any CPU.ActiveCfg = Release|Any CPU
		{A10649B0-94EE-40E3-B2F6-D02A3B938C1A}.Release|Any CPU.Build.0 = Release|Any CPU
		{356A2CF2-7A86-4C17-8097-FE4B38D546B4}.Debug|Any CPU.ActiveCfg = Debug|Any CPU
		{356A2CF2-7A86-4C17-8097-FE4B38D546B4}.Debug|Any CPU.Build.0 = Debug|Any CPU
		{356A2CF2-7A86-4C17-8097-FE4B38D546B4}.Release|Any CPU.ActiveCfg = Release|Any CPU
		{356A2CF2-7A86-4C17-8097-FE4B38D546B4}.Release|Any CPU.Build.0 = Release|Any CPU
		{8DDCA29E-3560-4339-974E-85C5403FFA80}.Debug|Any CPU.ActiveCfg = Debug|Any CPU
		{8DDCA29E-3560-4339-974E-85C5403FFA80}.Debug|Any CPU.Build.0 = Debug|Any CPU
		{8DDCA29E-3560-4339-974E-85C5403FFA80}.Release|Any CPU.ActiveCfg = Release|Any CPU
		{8DDCA29E-3560-4339-974E-85C5403FFA80}.Release|Any CPU.Build.0 = Release|Any CPU
		{7DFA5F08-43C9-4D8F-AE0B-0DC435C06AAD}.Debug|Any CPU.ActiveCfg = Debug|Any CPU
		{7DFA5F08-43C9-4D8F-AE0B-0DC435C06AAD}.Debug|Any CPU.Build.0 = Debug|Any CPU
		{7DFA5F08-43C9-4D8F-AE0B-0DC435C06AAD}.Release|Any CPU.ActiveCfg = Release|Any CPU
		{7DFA5F08-43C9-4D8F-AE0B-0DC435C06AAD}.Release|Any CPU.Build.0 = Release|Any CPU
		{384CEBEA-7091-40B2-B833-3E429D183F8D}.Debug|Any CPU.ActiveCfg = Debug|Any CPU
		{384CEBEA-7091-40B2-B833-3E429D183F8D}.Debug|Any CPU.Build.0 = Debug|Any CPU
		{384CEBEA-7091-40B2-B833-3E429D183F8D}.Release|Any CPU.ActiveCfg = Release|Any CPU
		{384CEBEA-7091-40B2-B833-3E429D183F8D}.Release|Any CPU.Build.0 = Release|Any CPU
		{6DCCD6B6-2957-47ED-A4F7-D24DBEE3FCA8}.Debug|Any CPU.ActiveCfg = Debug|Any CPU
		{6DCCD6B6-2957-47ED-A4F7-D24DBEE3FCA8}.Debug|Any CPU.Build.0 = Debug|Any CPU
		{6DCCD6B6-2957-47ED-A4F7-D24DBEE3FCA8}.Release|Any CPU.ActiveCfg = Release|Any CPU
		{6DCCD6B6-2957-47ED-A4F7-D24DBEE3FCA8}.Release|Any CPU.Build.0 = Release|Any CPU
		{53BBF492-B2CF-4D6E-B583-513465EE834A}.Debug|Any CPU.ActiveCfg = Debug|Any CPU
		{53BBF492-B2CF-4D6E-B583-513465EE834A}.Debug|Any CPU.Build.0 = Debug|Any CPU
		{53BBF492-B2CF-4D6E-B583-513465EE834A}.Release|Any CPU.ActiveCfg = Release|Any CPU
		{53BBF492-B2CF-4D6E-B583-513465EE834A}.Release|Any CPU.Build.0 = Release|Any CPU
	EndGlobalSection
	GlobalSection(SolutionProperties) = preSolution
		HideSolutionNode = FALSE
	EndGlobalSection
	GlobalSection(ExtensibilityGlobals) = postSolution
		SolutionGuid = {3249A69A-171C-45B8-99E4-5E525BBDF1CB}
	EndGlobalSection
EndGlobal
